// !$*UTF8*$!
{
	archiveVersion = 1;
	classes = {
	};
	objectVersion = 56;
	objects = {

/* Begin PBXBuildFile section */
		7651CBEB29FD0E5800C6E410 /* MusicPlayersApp.swift in Sources */ = {isa = PBXBuildFile; fileRef = 7651CBEA29FD0E5800C6E410 /* MusicPlayersApp.swift */; };
		7651CBED29FD0E5800C6E410 /* ContentView.swift in Sources */ = {isa = PBXBuildFile; fileRef = 7651CBEC29FD0E5800C6E410 /* ContentView.swift */; };
		7651CBEF29FD0E5900C6E410 /* Assets.xcassets in Resources */ = {isa = PBXBuildFile; fileRef = 7651CBEE29FD0E5900C6E410 /* Assets.xcassets */; };
		7651CBF229FD0E5900C6E410 /* Preview Assets.xcassets in Resources */ = {isa = PBXBuildFile; fileRef = 7651CBF129FD0E5900C6E410 /* Preview Assets.xcassets */; };
		7651CBF929FD0E8B00C6E410 /* MusicView.swift in Sources */ = {isa = PBXBuildFile; fileRef = 7651CBF829FD0E8B00C6E410 /* MusicView.swift */; };
		7651CBFB29FD10E200C6E410 /* PlayerView.swift in Sources */ = {isa = PBXBuildFile; fileRef = 7651CBFA29FD10E200C6E410 /* PlayerView.swift */; };
		7651CBFD29FD127100C6E410 /* PlaybackControllButton.swift in Sources */ = {isa = PBXBuildFile; fileRef = 7651CBFC29FD127100C6E410 /* PlaybackControllButton.swift */; };
		7667709A29FD15B20043771C /* MusicViewmodel.swift in Sources */ = {isa = PBXBuildFile; fileRef = 7667709929FD15B20043771C /* MusicViewmodel.swift */; };
		7667709E29FD185B0043771C /* extensions.swift in Sources */ = {isa = PBXBuildFile; fileRef = 7667709D29FD185B0043771C /* extensions.swift */; };
		766770A029FD1EF00043771C /* audioManager.swift in Sources */ = {isa = PBXBuildFile; fileRef = 7667709F29FD1EF00043771C /* audioManager.swift */; };
		76E4FFFD29FECE350006A9FE /* Alan Walker - Dreamer [NCS Release].mp3 in Resources */ = {isa = PBXBuildFile; fileRef = 7667709B29FD16890043771C /* Alan Walker - Dreamer [NCS Release].mp3 */; };
/* End PBXBuildFile section */

/* Begin PBXCopyFilesBuildPhase section */
		76E4FFD929FE6C180006A9FE /* Embed Watch Content */ = {
			isa = PBXCopyFilesBuildPhase;
			buildActionMask = 2147483647;
			dstPath = "$(CONTENTS_FOLDER_PATH)/Watch";
			dstSubfolderSpec = 16;
			files = (
			);
			name = "Embed Watch Content";
			runOnlyForDeploymentPostprocessing = 0;
		};
/* End PBXCopyFilesBuildPhase section */

/* Begin PBXFileReference section */
		7651CBE729FD0E5800C6E410 /* MusicPlayers.app */ = {isa = PBXFileReference; explicitFileType = wrapper.application; includeInIndex = 0; path = MusicPlayers.app; sourceTree = BUILT_PRODUCTS_DIR; };
		7651CBEA29FD0E5800C6E410 /* MusicPlayersApp.swift */ = {isa = PBXFileReference; lastKnownFileType = sourcecode.swift; path = MusicPlayersApp.swift; sourceTree = "<group>"; };
		7651CBEC29FD0E5800C6E410 /* ContentView.swift */ = {isa = PBXFileReference; lastKnownFileType = sourcecode.swift; path = ContentView.swift; sourceTree = "<group>"; };
		7651CBEE29FD0E5900C6E410 /* Assets.xcassets */ = {isa = PBXFileReference; lastKnownFileType = folder.assetcatalog; path = Assets.xcassets; sourceTree = "<group>"; };
		7651CBF129FD0E5900C6E410 /* Preview Assets.xcassets */ = {isa = PBXFileReference; lastKnownFileType = folder.assetcatalog; path = "Preview Assets.xcassets"; sourceTree = "<group>"; };
		7651CBF829FD0E8B00C6E410 /* MusicView.swift */ = {isa = PBXFileReference; lastKnownFileType = sourcecode.swift; path = MusicView.swift; sourceTree = "<group>"; };
		7651CBFA29FD10E200C6E410 /* PlayerView.swift */ = {isa = PBXFileReference; lastKnownFileType = sourcecode.swift; path = PlayerView.swift; sourceTree = "<group>"; };
		7651CBFC29FD127100C6E410 /* PlaybackControllButton.swift */ = {isa = PBXFileReference; lastKnownFileType = sourcecode.swift; path = PlaybackControllButton.swift; sourceTree = "<group>"; };
		7667709929FD15B20043771C /* MusicViewmodel.swift */ = {isa = PBXFileReference; lastKnownFileType = sourcecode.swift; path = MusicViewmodel.swift; sourceTree = "<group>"; };
		7667709B29FD16890043771C /* Alan Walker - Dreamer [NCS Release].mp3 */ = {isa = PBXFileReference; lastKnownFileType = audio.mp3; name = "Alan Walker - Dreamer [NCS Release].mp3"; path = "../../../../Music/Music/Media.localized/Music/Unknown Artist/Unknown Album/Alan Walker - Dreamer [NCS Release].mp3"; sourceTree = "<group>"; };
		7667709D29FD185B0043771C /* extensions.swift */ = {isa = PBXFileReference; lastKnownFileType = sourcecode.swift; path = extensions.swift; sourceTree = "<group>"; };
		7667709F29FD1EF00043771C /* audioManager.swift */ = {isa = PBXFileReference; lastKnownFileType = sourcecode.swift; path = audioManager.swift; sourceTree = "<group>"; };
		766770A129FD21E70043771C /* Info.plist */ = {isa = PBXFileReference; lastKnownFileType = text.plist; path = Info.plist; sourceTree = "<group>"; };
		76E4FFE429FE6EB40006A9FE /* AVFoundation.framework */ = {isa = PBXFileReference; lastKnownFileType = wrapper.framework; name = AVFoundation.framework; path = Platforms/WatchOS.platform/Developer/SDKs/WatchOS9.4.sdk/System/Library/Frameworks/AVFoundation.framework; sourceTree = DEVELOPER_DIR; };
		76E4FFE629FE71A40006A9FE /* AVKit.framework */ = {isa = PBXFileReference; lastKnownFileType = wrapper.framework; name = AVKit.framework; path = Platforms/WatchOS.platform/Developer/SDKs/WatchOS9.4.sdk/System/Library/Frameworks/AVKit.framework; sourceTree = DEVELOPER_DIR; };
		76E4FFE829FE71AE0006A9FE /* WatchKit.framework */ = {isa = PBXFileReference; lastKnownFileType = wrapper.framework; name = WatchKit.framework; path = Platforms/WatchOS.platform/Developer/SDKs/WatchOS9.4.sdk/System/Library/Frameworks/WatchKit.framework; sourceTree = DEVELOPER_DIR; };
		76E4FFEA29FE71B30006A9FE /* WatchConnectivity.framework */ = {isa = PBXFileReference; lastKnownFileType = wrapper.framework; name = WatchConnectivity.framework; path = Platforms/WatchOS.platform/Developer/SDKs/WatchOS9.4.sdk/System/Library/Frameworks/WatchConnectivity.framework; sourceTree = DEVELOPER_DIR; };
/* End PBXFileReference section */

/* Begin PBXFrameworksBuildPhase section */
		7651CBE429FD0E5800C6E410 /* Frameworks */ = {
			isa = PBXFrameworksBuildPhase;
			buildActionMask = 2147483647;
			files = (
			);
			runOnlyForDeploymentPostprocessing = 0;
		};
/* End PBXFrameworksBuildPhase section */

/* Begin PBXGroup section */
		7651CBDE29FD0E5800C6E410 = {
			isa = PBXGroup;
			children = (
				76E4FFEE29FE76AA0006A9FE /* Shared */,
				7651CBE929FD0E5800C6E410 /* MusicPlayers */,
				7651CBE829FD0E5800C6E410 /* Products */,
				76E4FFE329FE6EB40006A9FE /* Frameworks */,
			);
			sourceTree = "<group>";
		};
		7651CBE829FD0E5800C6E410 /* Products */ = {
			isa = PBXGroup;
			children = (
				7651CBE729FD0E5800C6E410 /* MusicPlayers.app */,
			);
			name = Products;
			sourceTree = "<group>";
		};
		7651CBE929FD0E5800C6E410 /* MusicPlayers */ = {
			isa = PBXGroup;
			children = (
				766770A129FD21E70043771C /* Info.plist */,
				7651CBEA29FD0E5800C6E410 /* MusicPlayersApp.swift */,
				7651CBEC29FD0E5800C6E410 /* ContentView.swift */,
				7651CBEE29FD0E5900C6E410 /* Assets.xcassets */,
				7651CBF029FD0E5900C6E410 /* Preview Content */,
				7667709D29FD185B0043771C /* extensions.swift */,
				7651CBFA29FD10E200C6E410 /* PlayerView.swift */,
				7651CBFC29FD127100C6E410 /* PlaybackControllButton.swift */,
				7667709B29FD16890043771C /* Alan Walker - Dreamer [NCS Release].mp3 */,
			);
			path = MusicPlayers;
			sourceTree = "<group>";
		};
		7651CBF029FD0E5900C6E410 /* Preview Content */ = {
			isa = PBXGroup;
			children = (
				7651CBF129FD0E5900C6E410 /* Preview Assets.xcassets */,
			);
			path = "Preview Content";
			sourceTree = "<group>";
		};
		76E4FFE329FE6EB40006A9FE /* Frameworks */ = {
			isa = PBXGroup;
			children = (
				76E4FFEA29FE71B30006A9FE /* WatchConnectivity.framework */,
				76E4FFE829FE71AE0006A9FE /* WatchKit.framework */,
				76E4FFE629FE71A40006A9FE /* AVKit.framework */,
				76E4FFE429FE6EB40006A9FE /* AVFoundation.framework */,
			);
			name = Frameworks;
			sourceTree = "<group>";
		};
		76E4FFEE29FE76AA0006A9FE /* Shared */ = {
			isa = PBXGroup;
			children = (
				7667709F29FD1EF00043771C /* audioManager.swift */,
				7667709929FD15B20043771C /* MusicViewmodel.swift */,
				7651CBF829FD0E8B00C6E410 /* MusicView.swift */,
			);
			path = Shared;
			sourceTree = "<group>";
		};
/* End PBXGroup section */

/* Begin PBXNativeTarget section */
		7651CBE629FD0E5800C6E410 /* MusicPlayers */ = {
			isa = PBXNativeTarget;
			buildConfigurationList = 7651CBF529FD0E5900C6E410 /* Build configuration list for PBXNativeTarget "MusicPlayers" */;
			buildPhases = (
				7651CBE329FD0E5800C6E410 /* Sources */,
				7651CBE429FD0E5800C6E410 /* Frameworks */,
				7651CBE529FD0E5800C6E410 /* Resources */,
				76E4FFD929FE6C180006A9FE /* Embed Watch Content */,
			);
			buildRules = (
			);
			dependencies = (
			);
			name = MusicPlayers;
			productName = MusicPlayers;
			productReference = 7651CBE729FD0E5800C6E410 /* MusicPlayers.app */;
			productType = "com.apple.product-type.application";
		};
/* End PBXNativeTarget section */

/* Begin PBXProject section */
		7651CBDF29FD0E5800C6E410 /* Project object */ = {
			isa = PBXProject;
			attributes = {
				BuildIndependentTargetsInParallel = 1;
				LastSwiftUpdateCheck = 1430;
				LastUpgradeCheck = 1430;
				TargetAttributes = {
					7651CBE629FD0E5800C6E410 = {
						CreatedOnToolsVersion = 14.3;
					};
				};
			};
			buildConfigurationList = 7651CBE229FD0E5800C6E410 /* Build configuration list for PBXProject "MusicPlayers" */;
			compatibilityVersion = "Xcode 14.0";
			developmentRegion = en;
			hasScannedForEncodings = 0;
			knownRegions = (
				en,
				Base,
			);
			mainGroup = 7651CBDE29FD0E5800C6E410;
			productRefGroup = 7651CBE829FD0E5800C6E410 /* Products */;
			projectDirPath = "";
			projectRoot = "";
			targets = (
				7651CBE629FD0E5800C6E410 /* MusicPlayers */,
			);
		};
/* End PBXProject section */

/* Begin PBXResourcesBuildPhase section */
		7651CBE529FD0E5800C6E410 /* Resources */ = {
			isa = PBXResourcesBuildPhase;
			buildActionMask = 2147483647;
			files = (
				7651CBF229FD0E5900C6E410 /* Preview Assets.xcassets in Resources */,
				7651CBEF29FD0E5900C6E410 /* Assets.xcassets in Resources */,
				76E4FFFD29FECE350006A9FE /* Alan Walker - Dreamer [NCS Release].mp3 in Resources */,
			);
			runOnlyForDeploymentPostprocessing = 0;
		};
/* End PBXResourcesBuildPhase section */

/* Begin PBXSourcesBuildPhase section */
		7651CBE329FD0E5800C6E410 /* Sources */ = {
			isa = PBXSourcesBuildPhase;
			buildActionMask = 2147483647;
			files = (
				7651CBED29FD0E5800C6E410 /* ContentView.swift in Sources */,
				7651CBFD29FD127100C6E410 /* PlaybackControllButton.swift in Sources */,
				766770A029FD1EF00043771C /* audioManager.swift in Sources */,
				7667709A29FD15B20043771C /* MusicViewmodel.swift in Sources */,
				7667709E29FD185B0043771C /* extensions.swift in Sources */,
				7651CBF929FD0E8B00C6E410 /* MusicView.swift in Sources */,
				7651CBEB29FD0E5800C6E410 /* MusicPlayersApp.swift in Sources */,
				7651CBFB29FD10E200C6E410 /* PlayerView.swift in Sources */,
			);
			runOnlyForDeploymentPostprocessing = 0;
		};
/* End PBXSourcesBuildPhase section */

/* Begin XCBuildConfiguration section */
		7651CBF329FD0E5900C6E410 /* Debug */ = {
			isa = XCBuildConfiguration;
			buildSettings = {
				ALWAYS_SEARCH_USER_PATHS = NO;
				CLANG_ANALYZER_NONNULL = YES;
				CLANG_ANALYZER_NUMBER_OBJECT_CONVERSION = YES_AGGRESSIVE;
				CLANG_CXX_LANGUAGE_STANDARD = "gnu++20";
				CLANG_ENABLE_MODULES = YES;
				CLANG_ENABLE_OBJC_ARC = YES;
				CLANG_ENABLE_OBJC_WEAK = YES;
				CLANG_WARN_BLOCK_CAPTURE_AUTORELEASING = YES;
				CLANG_WARN_BOOL_CONVERSION = YES;
				CLANG_WARN_COMMA = YES;
				CLANG_WARN_CONSTANT_CONVERSION = YES;
				CLANG_WARN_DEPRECATED_OBJC_IMPLEMENTATIONS = YES;
				CLANG_WARN_DIRECT_OBJC_ISA_USAGE = YES_ERROR;
				CLANG_WARN_DOCUMENTATION_COMMENTS = YES;
				CLANG_WARN_EMPTY_BODY = YES;
				CLANG_WARN_ENUM_CONVERSION = YES;
				CLANG_WARN_INFINITE_RECURSION = YES;
				CLANG_WARN_INT_CONVERSION = YES;
				CLANG_WARN_NON_LITERAL_NULL_CONVERSION = YES;
				CLANG_WARN_OBJC_IMPLICIT_RETAIN_SELF = YES;
				CLANG_WARN_OBJC_LITERAL_CONVERSION = YES;
				CLANG_WARN_OBJC_ROOT_CLASS = YES_ERROR;
				CLANG_WARN_QUOTED_INCLUDE_IN_FRAMEWORK_HEADER = YES;
				CLANG_WARN_RANGE_LOOP_ANALYSIS = YES;
				CLANG_WARN_STRICT_PROTOTYPES = YES;
				CLANG_WARN_SUSPICIOUS_MOVE = YES;
				CLANG_WARN_UNGUARDED_AVAILABILITY = YES_AGGRESSIVE;
				CLANG_WARN_UNREACHABLE_CODE = YES;
				CLANG_WARN__DUPLICATE_METHOD_MATCH = YES;
				COPY_PHASE_STRIP = NO;
				DEBUG_INFORMATION_FORMAT = dwarf;
				ENABLE_STRICT_OBJC_MSGSEND = YES;
				ENABLE_TESTABILITY = YES;
				GCC_C_LANGUAGE_STANDARD = gnu11;
				GCC_DYNAMIC_NO_PIC = NO;
				GCC_NO_COMMON_BLOCKS = YES;
				GCC_OPTIMIZATION_LEVEL = 0;
				GCC_PREPROCESSOR_DEFINITIONS = (
					"DEBUG=1",
					"$(inherited)",
				);
				GCC_WARN_64_TO_32_BIT_CONVERSION = YES;
				GCC_WARN_ABOUT_RETURN_TYPE = YES_ERROR;
				GCC_WARN_UNDECLARED_SELECTOR = YES;
				GCC_WARN_UNINITIALIZED_AUTOS = YES_AGGRESSIVE;
				GCC_WARN_UNUSED_FUNCTION = YES;
				GCC_WARN_UNUSED_VARIABLE = YES;
				IPHONEOS_DEPLOYMENT_TARGET = 16.4;
				MTL_ENABLE_DEBUG_INFO = INCLUDE_SOURCE;
				MTL_FAST_MATH = YES;
				ONLY_ACTIVE_ARCH = YES;
				SDKROOT = iphoneos;
				SWIFT_ACTIVE_COMPILATION_CONDITIONS = DEBUG;
				SWIFT_OPTIMIZATION_LEVEL = "-Onone";
			};
			name = Debug;
		};
		7651CBF429FD0E5900C6E410 /* Release */ = {
			isa = XCBuildConfiguration;
			buildSettings = {
				ALWAYS_SEARCH_USER_PATHS = NO;
				CLANG_ANALYZER_NONNULL = YES;
				CLANG_ANALYZER_NUMBER_OBJECT_CONVERSION = YES_AGGRESSIVE;
				CLANG_CXX_LANGUAGE_STANDARD = "gnu++20";
				CLANG_ENABLE_MODULES = YES;
				CLANG_ENABLE_OBJC_ARC = YES;
				CLANG_ENABLE_OBJC_WEAK = YES;
				CLANG_WARN_BLOCK_CAPTURE_AUTORELEASING = YES;
				CLANG_WARN_BOOL_CONVERSION = YES;
				CLANG_WARN_COMMA = YES;
				CLANG_WARN_CONSTANT_CONVERSION = YES;
				CLANG_WARN_DEPRECATED_OBJC_IMPLEMENTATIONS = YES;
				CLANG_WARN_DIRECT_OBJC_ISA_USAGE = YES_ERROR;
				CLANG_WARN_DOCUMENTATION_COMMENTS = YES;
				CLANG_WARN_EMPTY_BODY = YES;
				CLANG_WARN_ENUM_CONVERSION = YES;
				CLANG_WARN_INFINITE_RECURSION = YES;
				CLANG_WARN_INT_CONVERSION = YES;
				CLANG_WARN_NON_LITERAL_NULL_CONVERSION = YES;
				CLANG_WARN_OBJC_IMPLICIT_RETAIN_SELF = YES;
				CLANG_WARN_OBJC_LITERAL_CONVERSION = YES;
				CLANG_WARN_OBJC_ROOT_CLASS = YES_ERROR;
				CLANG_WARN_QUOTED_INCLUDE_IN_FRAMEWORK_HEADER = YES;
				CLANG_WARN_RANGE_LOOP_ANALYSIS = YES;
				CLANG_WARN_STRICT_PROTOTYPES = YES;
				CLANG_WARN_SUSPICIOUS_MOVE = YES;
				CLANG_WARN_UNGUARDED_AVAILABILITY = YES_AGGRESSIVE;
				CLANG_WARN_UNREACHABLE_CODE = YES;
				CLANG_WARN__DUPLICATE_METHOD_MATCH = YES;
				COPY_PHASE_STRIP = NO;
				DEBUG_INFORMATION_FORMAT = "dwarf-with-dsym";
				ENABLE_NS_ASSERTIONS = NO;
				ENABLE_STRICT_OBJC_MSGSEND = YES;
				GCC_C_LANGUAGE_STANDARD = gnu11;
				GCC_NO_COMMON_BLOCKS = YES;
				GCC_WARN_64_TO_32_BIT_CONVERSION = YES;
				GCC_WARN_ABOUT_RETURN_TYPE = YES_ERROR;
				GCC_WARN_UNDECLARED_SELECTOR = YES;
				GCC_WARN_UNINITIALIZED_AUTOS = YES_AGGRESSIVE;
				GCC_WARN_UNUSED_FUNCTION = YES;
				GCC_WARN_UNUSED_VARIABLE = YES;
				IPHONEOS_DEPLOYMENT_TARGET = 16.4;
				MTL_ENABLE_DEBUG_INFO = NO;
				MTL_FAST_MATH = YES;
				SDKROOT = iphoneos;
				SWIFT_COMPILATION_MODE = wholemodule;
				SWIFT_OPTIMIZATION_LEVEL = "-O";
				VALIDATE_PRODUCT = YES;
			};
			name = Release;
		};
		7651CBF629FD0E5900C6E410 /* Debug */ = {
			isa = XCBuildConfiguration;
			buildSettings = {
				ALWAYS_EMBED_SWIFT_STANDARD_LIBRARIES = YES;
				ASSETCATALOG_COMPILER_APPICON_NAME = AppIcon;
				ASSETCATALOG_COMPILER_GLOBAL_ACCENT_COLOR_NAME = AccentColor;
				CODE_SIGN_STYLE = Automatic;
				CURRENT_PROJECT_VERSION = 1;
				DEVELOPMENT_ASSET_PATHS = "\"MusicPlayers/Preview Content\"";
				DEVELOPMENT_TEAM = GHRFT69K59;
				ENABLE_PREVIEWS = YES;
				GENERATE_INFOPLIST_FILE = YES;
				INFOPLIST_FILE = MusicPlayers/Info.plist;
				INFOPLIST_KEY_UIApplicationSceneManifest_Generation = YES;
				INFOPLIST_KEY_UIApplicationSupportsIndirectInputEvents = YES;
				INFOPLIST_KEY_UILaunchScreen_Generation = YES;
				INFOPLIST_KEY_UISupportedInterfaceOrientations_iPad = "UIInterfaceOrientationPortrait UIInterfaceOrientationPortraitUpsideDown UIInterfaceOrientationLandscapeLeft UIInterfaceOrientationLandscapeRight";
				INFOPLIST_KEY_UISupportedInterfaceOrientations_iPhone = "UIInterfaceOrientationPortrait UIInterfaceOrientationLandscapeLeft UIInterfaceOrientationLandscapeRight";
				LD_RUNPATH_SEARCH_PATHS = (
					"$(inherited)",
					"@executable_path/Frameworks",
				);
				MARKETING_VERSION = 1.0;
				PRODUCT_BUNDLE_IDENTIFIER = com.adrielrusli.MusicPlayers;
				PRODUCT_NAME = "$(TARGET_NAME)";
				SWIFT_EMIT_LOC_STRINGS = YES;
				SWIFT_VERSION = 5.0;
				TARGETED_DEVICE_FAMILY = "1,2";
			};
			name = Debug;
		};
		7651CBF729FD0E5900C6E410 /* Release */ = {
			isa = XCBuildConfiguration;
			buildSettings = {
				ALWAYS_EMBED_SWIFT_STANDARD_LIBRARIES = YES;
				ASSETCATALOG_COMPILER_APPICON_NAME = AppIcon;
				ASSETCATALOG_COMPILER_GLOBAL_ACCENT_COLOR_NAME = AccentColor;
				CODE_SIGN_STYLE = Automatic;
				CURRENT_PROJECT_VERSION = 1;
				DEVELOPMENT_ASSET_PATHS = "\"MusicPlayers/Preview Content\"";
				DEVELOPMENT_TEAM = GHRFT69K59;
				ENABLE_PREVIEWS = YES;
				GENERATE_INFOPLIST_FILE = YES;
				INFOPLIST_FILE = MusicPlayers/Info.plist;
				INFOPLIST_KEY_UIApplicationSceneManifest_Generation = YES;
				INFOPLIST_KEY_UIApplicationSupportsIndirectInputEvents = YES;
				INFOPLIST_KEY_UILaunchScreen_Generation = YES;
				INFOPLIST_KEY_UISupportedInterfaceOrientations_iPad = "UIInterfaceOrientationPortrait UIInterfaceOrientationPortraitUpsideDown UIInterfaceOrientationLandscapeLeft UIInterfaceOrientationLandscapeRight";
				INFOPLIST_KEY_UISupportedInterfaceOrientations_iPhone = "UIInterfaceOrientationPortrait UIInterfaceOrientationLandscapeLeft UIInterfaceOrientationLandscapeRight";
				LD_RUNPATH_SEARCH_PATHS = (
					"$(inherited)",
					"@executable_path/Frameworks",
				);
				MARKETING_VERSION = 1.0;
				PRODUCT_BUNDLE_IDENTIFIER = com.adrielrusli.MusicPlayers;
				PRODUCT_NAME = "$(TARGET_NAME)";
				SWIFT_EMIT_LOC_STRINGS = YES;
				SWIFT_VERSION = 5.0;
				TARGETED_DEVICE_FAMILY = "1,2";
			};
			name = Release;
		};
/* End XCBuildConfiguration section */

/* Begin XCConfigurationList section */
		7651CBE229FD0E5800C6E410 /* Build configuration list for PBXProject "MusicPlayers" */ = {
			isa = XCConfigurationList;
			buildConfigurations = (
				7651CBF329FD0E5900C6E410 /* Debug */,
				7651CBF429FD0E5900C6E410 /* Release */,
			);
			defaultConfigurationIsVisible = 0;
			defaultConfigurationName = Release;
		};
		7651CBF529FD0E5900C6E410 /* Build configuration list for PBXNativeTarget "MusicPlayers" */ = {
			isa = XCConfigurationList;
			buildConfigurations = (
				7651CBF629FD0E5900C6E410 /* Debug */,
				7651CBF729FD0E5900C6E410 /* Release */,
			);
			defaultConfigurationIsVisible = 0;
			defaultConfigurationName = Release;
		};
/* End XCConfigurationList section */
	};
	rootObject = 7651CBDF29FD0E5800C6E410 /* Project object */;
}
